
Microsoft Visual Studio Solution File, Format Version 12.00
# Visual Studio Version 17
VisualStudioVersion = 17.5.002.0
MinimumVisualStudioVersion = 10.0.40219.1
Project("{2150E333-8FDC-42A3-9474-1A3956D46DE8}") = "csharp-prep", "csharp-prep", "{301B94F8-4845-4467-8A86-8530C1FEA12C}"
EndProject
Project("{9A19103F-16F7-4668-BE54-9A1E7A4F7556}") = "Prep1", "csharp-prep\Prep1\Prep1.csproj", "{1FCACB76-7177-484D-AEE7-D845E5E1587B}"
EndProject
Project("{9A19103F-16F7-4668-BE54-9A1E7A4F7556}") = "Prep2", "csharp-prep\Prep2\Prep2.csproj", "{55044D12-E544-4483-9743-0737DFC33ACA}"
EndProject
Project("{9A19103F-16F7-4668-BE54-9A1E7A4F7556}") = "Prep3", "csharp-prep\Prep3\Prep3.csproj", "{E8866DFD-9431-4238-AF94-914F3F23174F}"
EndProject
Project("{9A19103F-16F7-4668-BE54-9A1E7A4F7556}") = "Prep4", "csharp-prep\Prep4\Prep4.csproj", "{F66C44BE-49BD-4BA9-9104-44FB626AFAE0}"
EndProject
Project("{9A19103F-16F7-4668-BE54-9A1E7A4F7556}") = "Prep5", "csharp-prep\Prep5\Prep5.csproj", "{028546BC-D7DE-4B73-B914-0E1F79B0EF04}"
EndProject
Project("{2150E333-8FDC-42A3-9474-1A3956D46DE8}") = "final", "final", "{063EEE3A-07D9-48A9-9821-068F59EF53F2}"
EndProject
Project("{9A19103F-16F7-4668-BE54-9A1E7A4F7556}") = "FinalProject", "final\FinalProject\FinalProject.csproj", "{12A1C963-78A6-422A-8CE5-48EF2AF6AD90}"
EndProject
Project("{9A19103F-16F7-4668-BE54-9A1E7A4F7556}") = "Foundation1", "final\Foundation1\Foundation1.csproj", "{393BBEBE-083C-4D43-AA0A-FBF611B72C0E}"
EndProject
Project("{9A19103F-16F7-4668-BE54-9A1E7A4F7556}") = "Foundation2", "final\Foundation2\Foundation2.csproj", "{B5DFF30C-F54B-423B-8195-B3775033C3B4}"
EndProject
Project("{9A19103F-16F7-4668-BE54-9A1E7A4F7556}") = "Foundation3", "final\Foundation3\Foundation3.csproj", "{FCD1E05E-DF1B-4301-A3F5-A87D6D164986}"
EndProject
Project("{9A19103F-16F7-4668-BE54-9A1E7A4F7556}") = "Foundation4", "final\Foundation4\Foundation4.csproj", "{E181878C-7E5F-4B05-9120-19D4C8F83F4E}"
EndProject
Project("{2150E333-8FDC-42A3-9474-1A3956D46DE8}") = "prepare", "prepare", "{4BFF022E-A130-48F3-8288-31F3CADCD527}"
EndProject
Project("{9A19103F-16F7-4668-BE54-9A1E7A4F7556}") = "Learning02", "prepare\Learning02\Learning02.csproj", "{24F82505-B382-4A87-90EF-54FA36FB26DB}"
EndProject
Project("{9A19103F-16F7-4668-BE54-9A1E7A4F7556}") = "Learning03", "prepare\Learning03\Learning03.csproj", "{892F827C-9383-4E2C-9C48-8DC47D327099}"
EndProject
Project("{9A19103F-16F7-4668-BE54-9A1E7A4F7556}") = "Learning04", "prepare\Learning04\Learning04.csproj", "{8D522040-B237-4658-B0B0-72CCB386DB9B}"
EndProject
Project("{9A19103F-16F7-4668-BE54-9A1E7A4F7556}") = "Learning05", "prepare\Learning05\Learning05.csproj", "{167E1E10-18D2-49F9-8EB5-42F605A568E2}"
EndProject
Project("{2150E333-8FDC-42A3-9474-1A3956D46DE8}") = "prove", "prove", "{193059D7-F10B-4E9C-9BBE-77FBF36AD986}"
EndProject
Project("{9A19103F-16F7-4668-BE54-9A1E7A4F7556}") = "Develop02", "prove\Develop02\Develop02.csproj", "{01EE892F-81F9-4BDF-9D76-823AE96FA230}"
EndProject
Project("{9A19103F-16F7-4668-BE54-9A1E7A4F7556}") = "Develop03", "prove\Develop03\Develop03.csproj", "{61E3FC42-FE08-42A7-94A0-C7511F08BAE5}"
EndProject
Project("{9A19103F-16F7-4668-BE54-9A1E7A4F7556}") = "Develop04", "prove\Develop04\Develop04.csproj", "{AB8282BB-DF52-48B8-81A8-CA2AFE4E4ED6}"
EndProject
Project("{9A19103F-16F7-4668-BE54-9A1E7A4F7556}") = "Develop05", "prove\Develop05\Develop05.csproj", "{6834DFDD-A6A4-4DB8-818F-0A633F57AC29}"
EndProject
Project("{2150E333-8FDC-42A3-9474-1A3956D46DE8}") = "sandbox", "sandbox", "{EFE6937F-DCF0-4A7D-8080-D7A95CD239A2}"
EndProject
Project("{9A19103F-16F7-4668-BE54-9A1E7A4F7556}") = "Sandbox", "sandbox\Sandbox\Sandbox.csproj", "{025B4671-795F-47B2-BCE0-0AEF6E92C2FD}"
EndProject
Global
	GlobalSection(SolutionConfigurationPlatforms) = preSolution
		Debug|Any CPU = Debug|Any CPU
		Release|Any CPU = Release|Any CPU
	EndGlobalSection
	GlobalSection(ProjectConfigurationPlatforms) = postSolution
		{1FCACB76-7177-484D-AEE7-D845E5E1587B}.Debug|Any CPU.ActiveCfg = Debug|Any CPU
		{1FCACB76-7177-484D-AEE7-D845E5E1587B}.Debug|Any CPU.Build.0 = Debug|Any CPU
		{1FCACB76-7177-484D-AEE7-D845E5E1587B}.Release|Any CPU.ActiveCfg = Release|Any CPU
		{1FCACB76-7177-484D-AEE7-D845E5E1587B}.Release|Any CPU.Build.0 = Release|Any CPU
		{55044D12-E544-4483-9743-0737DFC33ACA}.Debug|Any CPU.ActiveCfg = Debug|Any CPU
		{55044D12-E544-4483-9743-0737DFC33ACA}.Debug|Any CPU.Build.0 = Debug|Any CPU
		{55044D12-E544-4483-9743-0737DFC33ACA}.Release|Any CPU.ActiveCfg = Release|Any CPU
		{55044D12-E544-4483-9743-0737DFC33ACA}.Release|Any CPU.Build.0 = Release|Any CPU
		{E8866DFD-9431-4238-AF94-914F3F23174F}.Debug|Any CPU.ActiveCfg = Debug|Any CPU
		{E8866DFD-9431-4238-AF94-914F3F23174F}.Debug|Any CPU.Build.0 = Debug|Any CPU
		{E8866DFD-9431-4238-AF94-914F3F23174F}.Release|Any CPU.ActiveCfg = Release|Any CPU
		{E8866DFD-9431-4238-AF94-914F3F23174F}.Release|Any CPU.Build.0 = Release|Any CPU
		{F66C44BE-49BD-4BA9-9104-44FB626AFAE0}.Debug|Any CPU.ActiveCfg = Debug|Any CPU
		{F66C44BE-49BD-4BA9-9104-44FB626AFAE0}.Debug|Any CPU.Build.0 = Debug|Any CPU
		{F66C44BE-49BD-4BA9-9104-44FB626AFAE0}.Release|Any CPU.ActiveCfg = Release|Any CPU
		{F66C44BE-49BD-4BA9-9104-44FB626AFAE0}.Release|Any CPU.Build.0 = Release|Any CPU
		{028546BC-D7DE-4B73-B914-0E1F79B0EF04}.Debug|Any CPU.ActiveCfg = Debug|Any CPU
		{028546BC-D7DE-4B73-B914-0E1F79B0EF04}.Debug|Any CPU.Build.0 = Debug|Any CPU
		{028546BC-D7DE-4B73-B914-0E1F79B0EF04}.Release|Any CPU.ActiveCfg = Release|Any CPU
		{028546BC-D7DE-4B73-B914-0E1F79B0EF04}.Release|Any CPU.Build.0 = Release|Any CPU
		{12A1C963-78A6-422A-8CE5-48EF2AF6AD90}.Debug|Any CPU.ActiveCfg = Debug|Any CPU
		{12A1C963-78A6-422A-8CE5-48EF2AF6AD90}.Debug|Any CPU.Build.0 = Debug|Any CPU
		{12A1C963-78A6-422A-8CE5-48EF2AF6AD90}.Release|Any CPU.ActiveCfg = Release|Any CPU
		{12A1C963-78A6-422A-8CE5-48EF2AF6AD90}.Release|Any CPU.Build.0 = Release|Any CPU
		{393BBEBE-083C-4D43-AA0A-FBF611B72C0E}.Debug|Any CPU.ActiveCfg = Debug|Any CPU
		{393BBEBE-083C-4D43-AA0A-FBF611B72C0E}.Debug|Any CPU.Build.0 = Debug|Any CPU
		{393BBEBE-083C-4D43-AA0A-FBF611B72C0E}.Release|Any CPU.ActiveCfg = Release|Any CPU
		{393BBEBE-083C-4D43-AA0A-FBF611B72C0E}.Release|Any CPU.Build.0 = Release|Any CPU
		{B5DFF30C-F54B-423B-8195-B3775033C3B4}.Debug|Any CPU.ActiveCfg = Debug|Any CPU
		{B5DFF30C-F54B-423B-8195-B3775033C3B4}.Debug|Any CPU.Build.0 = Debug|Any CPU
		{B5DFF30C-F54B-423B-8195-B3775033C3B4}.Release|Any CPU.ActiveCfg = Release|Any CPU
		{B5DFF30C-F54B-423B-8195-B3775033C3B4}.Release|Any CPU.Build.0 = Release|Any CPU
		{FCD1E05E-DF1B-4301-A3F5-A87D6D164986}.Debug|Any CPU.ActiveCfg = Debug|Any CPU
		{FCD1E05E-DF1B-4301-A3F5-A87D6D164986}.Debug|Any CPU.Build.0 = Debug|Any CPU
		{FCD1E05E-DF1B-4301-A3F5-A87D6D164986}.Release|Any CPU.ActiveCfg = Release|Any CPU
		{FCD1E05E-DF1B-4301-A3F5-A87D6D164986}.Release|Any CPU.Build.0 = Release|Any CPU
		{E181878C-7E5F-4B05-9120-19D4C8F83F4E}.Debug|Any CPU.ActiveCfg = Debug|Any CPU
		{E181878C-7E5F-4B05-9120-19D4C8F83F4E}.Debug|Any CPU.Build.0 = Debug|Any CPU
		{E181878C-7E5F-4B05-9120-19D4C8F83F4E}.Release|Any CPU.ActiveCfg = Release|Any CPU
		{E181878C-7E5F-4B05-9120-19D4C8F83F4E}.Release|Any CPU.Build.0 = Release|Any CPU
		{24F82505-B382-4A87-90EF-54FA36FB26DB}.Debug|Any CPU.ActiveCfg = Debug|Any CPU
		{24F82505-B382-4A87-90EF-54FA36FB26DB}.Debug|Any CPU.Build.0 = Debug|Any CPU
		{24F82505-B382-4A87-90EF-54FA36FB26DB}.Release|Any CPU.ActiveCfg = Release|Any CPU
		{24F82505-B382-4A87-90EF-54FA36FB26DB}.Release|Any CPU.Build.0 = Release|Any CPU
		{892F827C-9383-4E2C-9C48-8DC47D327099}.Debug|Any CPU.ActiveCfg = Debug|Any CPU
		{892F827C-9383-4E2C-9C48-8DC47D327099}.Debug|Any CPU.Build.0 = Debug|Any CPU
		{892F827C-9383-4E2C-9C48-8DC47D327099}.Release|Any CPU.ActiveCfg = Release|Any CPU
		{892F827C-9383-4E2C-9C48-8DC47D327099}.Release|Any CPU.Build.0 = Release|Any CPU
		{8D522040-B237-4658-B0B0-72CCB386DB9B}.Debug|Any CPU.ActiveCfg = Debug|Any CPU
		{8D522040-B237-4658-B0B0-72CCB386DB9B}.Debug|Any CPU.Build.0 = Debug|Any CPU
		{8D522040-B237-4658-B0B0-72CCB386DB9B}.Release|Any CPU.ActiveCfg = Release|Any CPU
		{8D522040-B237-4658-B0B0-72CCB386DB9B}.Release|Any CPU.Build.0 = Release|Any CPU
		{167E1E10-18D2-49F9-8EB5-42F605A568E2}.Debug|Any CPU.ActiveCfg = Debug|Any CPU
		{167E1E10-18D2-49F9-8EB5-42F605A568E2}.Debug|Any CPU.Build.0 = Debug|Any CPU
		{167E1E10-18D2-49F9-8EB5-42F605A568E2}.Release|Any CPU.ActiveCfg = Release|Any CPU
		{167E1E10-18D2-49F9-8EB5-42F605A568E2}.Release|Any CPU.Build.0 = Release|Any CPU
		{01EE892F-81F9-4BDF-9D76-823AE96FA230}.Debug|Any CPU.ActiveCfg = Debug|Any CPU
		{01EE892F-81F9-4BDF-9D76-823AE96FA230}.Debug|Any CPU.Build.0 = Debug|Any CPU
		{01EE892F-81F9-4BDF-9D76-823AE96FA230}.Release|Any CPU.ActiveCfg = Release|Any CPU
		{01EE892F-81F9-4BDF-9D76-823AE96FA230}.Release|Any CPU.Build.0 = Release|Any CPU
		{61E3FC42-FE08-42A7-94A0-C7511F08BAE5}.Debug|Any CPU.ActiveCfg = Debug|Any CPU
		{61E3FC42-FE08-42A7-94A0-C7511F08BAE5}.Debug|Any CPU.Build.0 = Debug|Any CPU
		{61E3FC42-FE08-42A7-94A0-C7511F08BAE5}.Release|Any CPU.ActiveCfg = Release|Any CPU
		{61E3FC42-FE08-42A7-94A0-C7511F08BAE5}.Release|Any CPU.Build.0 = Release|Any CPU
		{AB8282BB-DF52-48B8-81A8-CA2AFE4E4ED6}.Debug|Any CPU.ActiveCfg = Debug|Any CPU
		{AB8282BB-DF52-48B8-81A8-CA2AFE4E4ED6}.Debug|Any CPU.Build.0 = Debug|Any CPU
		{AB8282BB-DF52-48B8-81A8-CA2AFE4E4ED6}.Release|Any CPU.ActiveCfg = Release|Any CPU
		{AB8282BB-DF52-48B8-81A8-CA2AFE4E4ED6}.Release|Any CPU.Build.0 = Release|Any CPU
		{6834DFDD-A6A4-4DB8-818F-0A633F57AC29}.Debug|Any CPU.ActiveCfg = Debug|Any CPU
		{6834DFDD-A6A4-4DB8-818F-0A633F57AC29}.Debug|Any CPU.Build.0 = Debug|Any CPU
		{6834DFDD-A6A4-4DB8-818F-0A633F57AC29}.Release|Any CPU.ActiveCfg = Release|Any CPU
		{6834DFDD-A6A4-4DB8-818F-0A633F57AC29}.Release|Any CPU.Build.0 = Release|Any CPU
		{025B4671-795F-47B2-BCE0-0AEF6E92C2FD}.Debug|Any CPU.ActiveCfg = Debug|Any CPU
		{025B4671-795F-47B2-BCE0-0AEF6E92C2FD}.Debug|Any CPU.Build.0 = Debug|Any CPU
		{025B4671-795F-47B2-BCE0-0AEF6E92C2FD}.Release|Any CPU.ActiveCfg = Release|Any CPU
		{025B4671-795F-47B2-BCE0-0AEF6E92C2FD}.Release|Any CPU.Build.0 = Release|Any CPU
	EndGlobalSection
	GlobalSection(SolutionProperties) = preSolution
		HideSolutionNode = FALSE
	EndGlobalSection
	GlobalSection(NestedProjects) = preSolution
		{1FCACB76-7177-484D-AEE7-D845E5E1587B} = {301B94F8-4845-4467-8A86-8530C1FEA12C}
		{55044D12-E544-4483-9743-0737DFC33ACA} = {301B94F8-4845-4467-8A86-8530C1FEA12C}
		{E8866DFD-9431-4238-AF94-914F3F23174F} = {301B94F8-4845-4467-8A86-8530C1FEA12C}
		{F66C44BE-49BD-4BA9-9104-44FB626AFAE0} = {301B94F8-4845-4467-8A86-8530C1FEA12C}
		{028546BC-D7DE-4B73-B914-0E1F79B0EF04} = {301B94F8-4845-4467-8A86-8530C1FEA12C}
		{12A1C963-78A6-422A-8CE5-48EF2AF6AD90} = {063EEE3A-07D9-48A9-9821-068F59EF53F2}
		{393BBEBE-083C-4D43-AA0A-FBF611B72C0E} = {063EEE3A-07D9-48A9-9821-068F59EF53F2}
		{B5DFF30C-F54B-423B-8195-B3775033C3B4} = {063EEE3A-07D9-48A9-9821-068F59EF53F2}
		{FCD1E05E-DF1B-4301-A3F5-A87D6D164986} = {063EEE3A-07D9-48A9-9821-068F59EF53F2}
		{E181878C-7E5F-4B05-9120-19D4C8F83F4E} = {063EEE3A-07D9-48A9-9821-068F59EF53F2}
		{24F82505-B382-4A87-90EF-54FA36FB26DB} = {4BFF022E-A130-48F3-8288-31F3CADCD527}
		{892F827C-9383-4E2C-9C48-8DC47D327099} = {4BFF022E-A130-48F3-8288-31F3CADCD527}
		{8D522040-B237-4658-B0B0-72CCB386DB9B} = {4BFF022E-A130-48F3-8288-31F3CADCD527}
		{167E1E10-18D2-49F9-8EB5-42F605A568E2} = {4BFF022E-A130-48F3-8288-31F3CADCD527}
		{01EE892F-81F9-4BDF-9D76-823AE96FA230} = {193059D7-F10B-4E9C-9BBE-77FBF36AD986}
		{61E3FC42-FE08-42A7-94A0-C7511F08BAE5} = {193059D7-F10B-4E9C-9BBE-77FBF36AD986}
		{AB8282BB-DF52-48B8-81A8-CA2AFE4E4ED6} = {193059D7-F10B-4E9C-9BBE-77FBF36AD986}
		{6834DFDD-A6A4-4DB8-818F-0A633F57AC29} = {193059D7-F10B-4E9C-9BBE-77FBF36AD986}
		{025B4671-795F-47B2-BCE0-0AEF6E92C2FD} = {EFE6937F-DCF0-4A7D-8080-D7A95CD239A2}
	EndGlobalSection
	GlobalSection(ExtensibilityGlobals) = postSolution
		SolutionGuid = {85C00B0E-DA5B-485D-9B72-0B9FA672EC7E}
	EndGlobalSection
EndGlobal
